{
  "name": "ps-mcp",
  "lockfileVersion": 3,
  "requires": true,
  "packages": {
    "": {
      "dependencies": {
        "@adobe-uxp-types/uxp": "^0.1.3",
        "@types/photoshop": "^25.0.4"
      }
    },
    "node_modules/@adobe-uxp-types/uxp": {
      "version": "0.1.3",
      "resolved": "https://registry.npmjs.org/@adobe-uxp-types/uxp/-/uxp-0.1.3.tgz",
      "integrity": "sha512-gAN9csouNd+kFAiwSYi/5XZSg9Tnud9TtVgtqIu//BGvLRkb1wHn6Fk/1W+uLE0lAnvaezhANoHKN7YTsu+EWA==",
      "license": "MIT"
    },
    "node_modules/@types/photoshop": {
      "version": "25.0.4",
      "resolved": "https://registry.npmjs.org/@types/photoshop/-/photoshop-25.0.4.tgz",
      "integrity": "sha512-HfsVvgCrkOhGYlEmtsqT3pvLHFSoa1OXIHr37GsWy1y9FQJw/vb7xcDBGMoYuJemnmWlDMqdKgnnYUZL6kF5HA==",
      "license": "MIT"
    }
  }
}
